
Microsoft Visual Studio Solution File, Format Version 12.00
# Visual Studio Version 17
VisualStudioVersion = 17.8.34330.188
MinimumVisualStudioVersion = 10.0.40219.1
Project("{9A19103F-16F7-4668-BE54-9A1E7A4F7556}") = "MattCanello.NewsFeed.RssReader", "MattCanello.NewsFeed.RssReader\MattCanello.NewsFeed.RssReader.csproj", "{BC7F8698-0524-4999-9CF3-DC11DFDB2901}"
EndProject
Project("{E53339B2-1760-4266-BCC7-CA923CBCF16C}") = "docker-compose", "docker-compose\docker-compose.dcproj", "{A4FD780B-F657-451A-8B10-F625E0D639B9}"
EndProject
Project("{9A19103F-16F7-4668-BE54-9A1E7A4F7556}") = "MattCanello.NewsFeed.RssReader.Tests", "MattCanello.NewsFeed.RssReader.Tests\MattCanello.NewsFeed.RssReader.Tests.csproj", "{AA904D92-FEF1-4282-8FC1-C23E03306DF5}"
EndProject
Project("{2150E333-8FDC-42A3-9474-1A3956D46DE8}") = "dapr", "dapr", "{D03D8E47-AD18-4B46-80F9-87B707619186}"
EndProject
Project("{2150E333-8FDC-42A3-9474-1A3956D46DE8}") = "components", "components", "{05F41E28-E4C4-4966-9F92-1F3F23D92B2F}"
	ProjectSection(SolutionItems) = preProject
		dapr\components\outputbindings.yaml = dapr\components\outputbindings.yaml
		dapr\components\statestore.yaml = dapr\components\statestore.yaml
	EndProjectSection
EndProject
Project("{2150E333-8FDC-42A3-9474-1A3956D46DE8}") = "RssReader", "RssReader", "{AFB28009-58BF-4CF8-8CF0-B4A8C5A6A0E6}"
EndProject
Project("{2150E333-8FDC-42A3-9474-1A3956D46DE8}") = "Cron", "Cron", "{2924D66D-0BCC-4D43-852D-8DEDA5390E03}"
EndProject
Project("{FAE04EC0-301F-11D3-BF4B-00C04F79EFBC}") = "MattCanello.NewsFeed.CronApi", "MattCanello.NewsFeed.CronApi\MattCanello.NewsFeed.CronApi.csproj", "{9CAF27E8-7B7D-4F42-BA1D-2381C6DB1E32}"
EndProject
Project("{FAE04EC0-301F-11D3-BF4B-00C04F79EFBC}") = "MattCanello.NewsFeed.CronApi.Tests", "MattCanello.NewsFeed.CronApi.Tests\MattCanello.NewsFeed.CronApi.Tests.csproj", "{7805AD64-8DE7-4D1A-8DB2-58E4FD4160F4}"
EndProject
Global
	GlobalSection(SolutionConfigurationPlatforms) = preSolution
		Debug|Any CPU = Debug|Any CPU
		Release|Any CPU = Release|Any CPU
	EndGlobalSection
	GlobalSection(ProjectConfigurationPlatforms) = postSolution
		{BC7F8698-0524-4999-9CF3-DC11DFDB2901}.Debug|Any CPU.ActiveCfg = Debug|Any CPU
		{BC7F8698-0524-4999-9CF3-DC11DFDB2901}.Debug|Any CPU.Build.0 = Debug|Any CPU
		{BC7F8698-0524-4999-9CF3-DC11DFDB2901}.Release|Any CPU.ActiveCfg = Release|Any CPU
		{BC7F8698-0524-4999-9CF3-DC11DFDB2901}.Release|Any CPU.Build.0 = Release|Any CPU
		{A4FD780B-F657-451A-8B10-F625E0D639B9}.Debug|Any CPU.ActiveCfg = Debug|Any CPU
		{A4FD780B-F657-451A-8B10-F625E0D639B9}.Debug|Any CPU.Build.0 = Debug|Any CPU
		{A4FD780B-F657-451A-8B10-F625E0D639B9}.Release|Any CPU.ActiveCfg = Release|Any CPU
		{A4FD780B-F657-451A-8B10-F625E0D639B9}.Release|Any CPU.Build.0 = Release|Any CPU
		{AA904D92-FEF1-4282-8FC1-C23E03306DF5}.Debug|Any CPU.ActiveCfg = Debug|Any CPU
		{AA904D92-FEF1-4282-8FC1-C23E03306DF5}.Debug|Any CPU.Build.0 = Debug|Any CPU
		{AA904D92-FEF1-4282-8FC1-C23E03306DF5}.Release|Any CPU.ActiveCfg = Release|Any CPU
		{AA904D92-FEF1-4282-8FC1-C23E03306DF5}.Release|Any CPU.Build.0 = Release|Any CPU
		{9CAF27E8-7B7D-4F42-BA1D-2381C6DB1E32}.Debug|Any CPU.ActiveCfg = Debug|Any CPU
		{9CAF27E8-7B7D-4F42-BA1D-2381C6DB1E32}.Debug|Any CPU.Build.0 = Debug|Any CPU
		{9CAF27E8-7B7D-4F42-BA1D-2381C6DB1E32}.Release|Any CPU.ActiveCfg = Release|Any CPU
		{9CAF27E8-7B7D-4F42-BA1D-2381C6DB1E32}.Release|Any CPU.Build.0 = Release|Any CPU
		{7805AD64-8DE7-4D1A-8DB2-58E4FD4160F4}.Debug|Any CPU.ActiveCfg = Debug|Any CPU
		{7805AD64-8DE7-4D1A-8DB2-58E4FD4160F4}.Debug|Any CPU.Build.0 = Debug|Any CPU
		{7805AD64-8DE7-4D1A-8DB2-58E4FD4160F4}.Release|Any CPU.ActiveCfg = Release|Any CPU
		{7805AD64-8DE7-4D1A-8DB2-58E4FD4160F4}.Release|Any CPU.Build.0 = Release|Any CPU
	EndGlobalSection
	GlobalSection(SolutionProperties) = preSolution
		HideSolutionNode = FALSE
	EndGlobalSection
	GlobalSection(NestedProjects) = preSolution
		{BC7F8698-0524-4999-9CF3-DC11DFDB2901} = {AFB28009-58BF-4CF8-8CF0-B4A8C5A6A0E6}
		{AA904D92-FEF1-4282-8FC1-C23E03306DF5} = {AFB28009-58BF-4CF8-8CF0-B4A8C5A6A0E6}
		{05F41E28-E4C4-4966-9F92-1F3F23D92B2F} = {D03D8E47-AD18-4B46-80F9-87B707619186}
		{9CAF27E8-7B7D-4F42-BA1D-2381C6DB1E32} = {2924D66D-0BCC-4D43-852D-8DEDA5390E03}
		{7805AD64-8DE7-4D1A-8DB2-58E4FD4160F4} = {2924D66D-0BCC-4D43-852D-8DEDA5390E03}
	EndGlobalSection
	GlobalSection(ExtensibilityGlobals) = postSolution
		SolutionGuid = {599BEDC0-A80F-4324-ACF8-6ECA581D8B02}
	EndGlobalSection
EndGlobal
